
Microsoft Visual Studio Solution File, Format Version 12.00
# Visual Studio Version 17
VisualStudioVersion = 17.8.34322.80
MinimumVisualStudioVersion = 10.0.40219.1
Project("{FAE04EC0-301F-11D3-BF4B-00C04F79EFBC}") = "UserStorieCotizacion", "UserStorieCotizacion\UserStorieCotizacion.csproj", "{BEF30D1F-DEDF-4D1A-965A-14526FFFCC40}"
EndProject
Global
	GlobalSection(SolutionConfigurationPlatforms) = preSolution
		Debug|Any CPU = Debug|Any CPU
		Release|Any CPU = Release|Any CPU
	EndGlobalSection
	GlobalSection(ProjectConfigurationPlatforms) = postSolution
		{BEF30D1F-DEDF-4D1A-965A-14526FFFCC40}.Debug|Any CPU.ActiveCfg = Debug|Any CPU
		{BEF30D1F-DEDF-4D1A-965A-14526FFFCC40}.Debug|Any CPU.Build.0 = Debug|Any CPU
		{BEF30D1F-DEDF-4D1A-965A-14526FFFCC40}.Release|Any CPU.ActiveCfg = Release|Any CPU
		{BEF30D1F-DEDF-4D1A-965A-14526FFFCC40}.Release|Any CPU.Build.0 = Release|Any CPU
	EndGlobalSection
	GlobalSection(SolutionProperties) = preSolution
		HideSolutionNode = FALSE
	EndGlobalSection
	GlobalSection(ExtensibilityGlobals) = postSolution
		SolutionGuid = {5F36A80E-1AEA-4C7D-B350-8625B3DF93CA}
	EndGlobalSection
EndGlobal
